
Microsoft Visual Studio Solution File, Format Version 12.00
# Visual Studio Version 16
VisualStudioVersion = 16.0.31729.503
MinimumVisualStudioVersion = 10.0.40219.1
Project("{FAE04EC0-301F-11D3-BF4B-00C04F79EFBC}") = "DelegatesEvents", "DelegatesEvents\DelegatesEvents.csproj", "{B5B32395-DADA-4007-BDB9-552F346F1876}"
EndProject
Global
	GlobalSection(SolutionConfigurationPlatforms) = preSolution
		Debug|Any CPU = Debug|Any CPU
		Release|Any CPU = Release|Any CPU
	EndGlobalSection
	GlobalSection(ProjectConfigurationPlatforms) = postSolution
		{B5B32395-DADA-4007-BDB9-552F346F1876}.Debug|Any CPU.ActiveCfg = Debug|Any CPU
		{B5B32395-DADA-4007-BDB9-552F346F1876}.Debug|Any CPU.Build.0 = Debug|Any CPU
		{B5B32395-DADA-4007-BDB9-552F346F1876}.Release|Any CPU.ActiveCfg = Release|Any CPU
		{B5B32395-DADA-4007-BDB9-552F346F1876}.Release|Any CPU.Build.0 = Release|Any CPU
	EndGlobalSection
	GlobalSection(SolutionProperties) = preSolution
		HideSolutionNode = FALSE
	EndGlobalSection
	GlobalSection(ExtensibilityGlobals) = postSolution
		SolutionGuid = {56FC3F76-F3F1-489B-9AFA-F795E8229708}
	EndGlobalSection
EndGlobal
